
Microsoft Visual Studio Solution File, Format Version 12.00
# Visual Studio Version 16
VisualStudioVersion = 16.0.32413.511
MinimumVisualStudioVersion = 10.0.40219.1
Project("{FAE04EC0-301F-11D3-BF4B-00C04F79EFBC}") = "AppQuantidade.UWP", "AppQuantidade.UWP\AppQuantidade.UWP.csproj", "{8BF64F26-2379-48E3-B00F-6458D8D349FB}"
EndProject
Project("{FAE04EC0-301F-11D3-BF4B-00C04F79EFBC}") = "AppQuantidade.Android", "AppQuantidade.Android\AppQuantidade.Android.csproj", "{97E53F97-E2E5-43CF-AEC6-8E7463CCE00A}"
EndProject
Project("{FAE04EC0-301F-11D3-BF4B-00C04F79EFBC}") = "AppQuantidade.iOS", "AppQuantidade.iOS\AppQuantidade.iOS.csproj", "{28D8D9CC-2D73-44AD-AF34-E9C0E32CBBCC}"
EndProject
Project("{FAE04EC0-301F-11D3-BF4B-00C04F79EFBC}") = "AppQuantidade", "AppQuantidade\AppQuantidade.csproj", "{25354999-4906-4F45-A5C8-8D2226F9C506}"
EndProject
Global
	GlobalSection(SolutionConfigurationPlatforms) = preSolution
		Debug|Any CPU = Debug|Any CPU
		Debug|ARM = Debug|ARM
		Debug|iPhone = Debug|iPhone
		Debug|iPhoneSimulator = Debug|iPhoneSimulator
		Debug|x64 = Debug|x64
		Debug|x86 = Debug|x86
		Release|Any CPU = Release|Any CPU
		Release|ARM = Release|ARM
		Release|iPhone = Release|iPhone
		Release|iPhoneSimulator = Release|iPhoneSimulator
		Release|x64 = Release|x64
		Release|x86 = Release|x86
	EndGlobalSection
	GlobalSection(ProjectConfigurationPlatforms) = postSolution
		{8BF64F26-2379-48E3-B00F-6458D8D349FB}.Debug|Any CPU.ActiveCfg = Debug|x86
		{8BF64F26-2379-48E3-B00F-6458D8D349FB}.Debug|Any CPU.Build.0 = Debug|x86
		{8BF64F26-2379-48E3-B00F-6458D8D349FB}.Debug|Any CPU.Deploy.0 = Debug|x86
		{8BF64F26-2379-48E3-B00F-6458D8D349FB}.Debug|ARM.ActiveCfg = Debug|ARM
		{8BF64F26-2379-48E3-B00F-6458D8D349FB}.Debug|ARM.Build.0 = Debug|ARM
		{8BF64F26-2379-48E3-B00F-6458D8D349FB}.Debug|ARM.Deploy.0 = Debug|ARM
		{8BF64F26-2379-48E3-B00F-6458D8D349FB}.Debug|iPhone.ActiveCfg = Debug|x86
		{8BF64F26-2379-48E3-B00F-6458D8D349FB}.Debug|iPhone.Build.0 = Debug|x86
		{8BF64F26-2379-48E3-B00F-6458D8D349FB}.Debug|iPhone.Deploy.0 = Debug|x86
		{8BF64F26-2379-48E3-B00F-6458D8D349FB}.Debug|iPhoneSimulator.ActiveCfg = Debug|x86
		{8BF64F26-2379-48E3-B00F-6458D8D349FB}.Debug|iPhoneSimulator.Build.0 = Debug|x86
		{8BF64F26-2379-48E3-B00F-6458D8D349FB}.Debug|iPhoneSimulator.Deploy.0 = Debug|x86
		{8BF64F26-2379-48E3-B00F-6458D8D349FB}.Debug|x64.ActiveCfg = Debug|x64
		{8BF64F26-2379-48E3-B00F-6458D8D349FB}.Debug|x64.Build.0 = Debug|x64
		{8BF64F26-2379-48E3-B00F-6458D8D349FB}.Debug|x64.Deploy.0 = Debug|x64
		{8BF64F26-2379-48E3-B00F-6458D8D349FB}.Debug|x86.ActiveCfg = Debug|x86
		{8BF64F26-2379-48E3-B00F-6458D8D349FB}.Debug|x86.Build.0 = Debug|x86
		{8BF64F26-2379-48E3-B00F-6458D8D349FB}.Debug|x86.Deploy.0 = Debug|x86
		{8BF64F26-2379-48E3-B00F-6458D8D349FB}.Release|Any CPU.ActiveCfg = Release|x86
		{8BF64F26-2379-48E3-B00F-6458D8D349FB}.Release|Any CPU.Build.0 = Release|x86
		{8BF64F26-2379-48E3-B00F-6458D8D349FB}.Release|Any CPU.Deploy.0 = Release|x86
		{8BF64F26-2379-48E3-B00F-6458D8D349FB}.Release|ARM.ActiveCfg = Release|ARM
		{8BF64F26-2379-48E3-B00F-6458D8D349FB}.Release|ARM.Build.0 = Release|ARM
		{8BF64F26-2379-48E3-B00F-6458D8D349FB}.Release|ARM.Deploy.0 = Release|ARM
		{8BF64F26-2379-48E3-B00F-6458D8D349FB}.Release|iPhone.ActiveCfg = Release|x86
		{8BF64F26-2379-48E3-B00F-6458D8D349FB}.Release|iPhone.Build.0 = Release|x86
		{8BF64F26-2379-48E3-B00F-6458D8D349FB}.Release|iPhone.Deploy.0 = Release|x86
		{8BF64F26-2379-48E3-B00F-6458D8D349FB}.Release|iPhoneSimulator.ActiveCfg = Release|x86
		{8BF64F26-2379-48E3-B00F-6458D8D349FB}.Release|iPhoneSimulator.Build.0 = Release|x86
		{8BF64F26-2379-48E3-B00F-6458D8D349FB}.Release|iPhoneSimulator.Deploy.0 = Release|x86
		{8BF64F26-2379-48E3-B00F-6458D8D349FB}.Release|x64.ActiveCfg = Release|x64
		{8BF64F26-2379-48E3-B00F-6458D8D349FB}.Release|x64.Build.0 = Release|x64
		{8BF64F26-2379-48E3-B00F-6458D8D349FB}.Release|x64.Deploy.0 = Release|x64
		{8BF64F26-2379-48E3-B00F-6458D8D349FB}.Release|x86.ActiveCfg = Release|x86
		{8BF64F26-2379-48E3-B00F-6458D8D349FB}.Release|x86.Build.0 = Release|x86
		{8BF64F26-2379-48E3-B00F-6458D8D349FB}.Release|x86.Deploy.0 = Release|x86
		{97E53F97-E2E5-43CF-AEC6-8E7463CCE00A}.Debug|Any CPU.ActiveCfg = Debug|Any CPU
		{97E53F97-E2E5-43CF-AEC6-8E7463CCE00A}.Debug|Any CPU.Build.0 = Debug|Any CPU
		{97E53F97-E2E5-43CF-AEC6-8E7463CCE00A}.Debug|Any CPU.Deploy.0 = Debug|Any CPU
		{97E53F97-E2E5-43CF-AEC6-8E7463CCE00A}.Debug|ARM.ActiveCfg = Debug|Any CPU
		{97E53F97-E2E5-43CF-AEC6-8E7463CCE00A}.Debug|ARM.Build.0 = Debug|Any CPU
		{97E53F97-E2E5-43CF-AEC6-8E7463CCE00A}.Debug|ARM.Deploy.0 = Debug|Any CPU
		{97E53F97-E2E5-43CF-AEC6-8E7463CCE00A}.Debug|iPhone.ActiveCfg = Debug|Any CPU
		{97E53F97-E2E5-43CF-AEC6-8E7463CCE00A}.Debug|iPhone.Build.0 = Debug|Any CPU
		{97E53F97-E2E5-43CF-AEC6-8E7463CCE00A}.Debug|iPhone.Deploy.0 = Debug|Any CPU
		{97E53F97-E2E5-43CF-AEC6-8E7463CCE00A}.Debug|iPhoneSimulator.ActiveCfg = Debug|Any CPU
		{97E53F97-E2E5-43CF-AEC6-8E7463CCE00A}.Debug|iPhoneSimulator.Build.0 = Debug|Any CPU
		{97E53F97-E2E5-43CF-AEC6-8E7463CCE00A}.Debug|iPhoneSimulator.Deploy.0 = Debug|Any CPU
		{97E53F97-E2E5-43CF-AEC6-8E7463CCE00A}.Debug|x64.ActiveCfg = Debug|Any CPU
		{97E53F97-E2E5-43CF-AEC6-8E7463CCE00A}.Debug|x64.Build.0 = Debug|Any CPU
		{97E53F97-E2E5-43CF-AEC6-8E7463CCE00A}.Debug|x64.Deploy.0 = Debug|Any CPU
		{97E53F97-E2E5-43CF-AEC6-8E7463CCE00A}.Debug|x86.ActiveCfg = Debug|Any CPU
		{97E53F97-E2E5-43CF-AEC6-8E7463CCE00A}.Debug|x86.Build.0 = Debug|Any CPU
		{97E53F97-E2E5-43CF-AEC6-8E7463CCE00A}.Debug|x86.Deploy.0 = Debug|Any CPU
		{97E53F97-E2E5-43CF-AEC6-8E7463CCE00A}.Release|Any CPU.ActiveCfg = Release|Any CPU
		{97E53F97-E2E5-43CF-AEC6-8E7463CCE00A}.Release|Any CPU.Build.0 = Release|Any CPU
		{97E53F97-E2E5-43CF-AEC6-8E7463CCE00A}.Release|Any CPU.Deploy.0 = Release|Any CPU
		{97E53F97-E2E5-43CF-AEC6-8E7463CCE00A}.Release|ARM.ActiveCfg = Release|Any CPU
		{97E53F97-E2E5-43CF-AEC6-8E7463CCE00A}.Release|ARM.Build.0 = Release|Any CPU
		{97E53F97-E2E5-43CF-AEC6-8E7463CCE00A}.Release|ARM.Deploy.0 = Release|Any CPU
		{97E53F97-E2E5-43CF-AEC6-8E7463CCE00A}.Release|iPhone.ActiveCfg = Release|Any CPU
		{97E53F97-E2E5-43CF-AEC6-8E7463CCE00A}.Release|iPhone.Build.0 = Release|Any CPU
		{97E53F97-E2E5-43CF-AEC6-8E7463CCE00A}.Release|iPhone.Deploy.0 = Release|Any CPU
		{97E53F97-E2E5-43CF-AEC6-8E7463CCE00A}.Release|iPhoneSimulator.ActiveCfg = Release|Any CPU
		{97E53F97-E2E5-43CF-AEC6-8E7463CCE00A}.Release|iPhoneSimulator.Build.0 = Release|Any CPU
		{97E53F97-E2E5-43CF-AEC6-8E7463CCE00A}.Release|iPhoneSimulator.Deploy.0 = Release|Any CPU
		{97E53F97-E2E5-43CF-AEC6-8E7463CCE00A}.Release|x64.ActiveCfg = Release|Any CPU
		{97E53F97-E2E5-43CF-AEC6-8E7463CCE00A}.Release|x64.Build.0 = Release|Any CPU
		{97E53F97-E2E5-43CF-AEC6-8E7463CCE00A}.Release|x64.Deploy.0 = Release|Any CPU
		{97E53F97-E2E5-43CF-AEC6-8E7463CCE00A}.Release|x86.ActiveCfg = Release|Any CPU
		{97E53F97-E2E5-43CF-AEC6-8E7463CCE00A}.Release|x86.Build.0 = Release|Any CPU
		{97E53F97-E2E5-43CF-AEC6-8E7463CCE00A}.Release|x86.Deploy.0 = Release|Any CPU
		{28D8D9CC-2D73-44AD-AF34-E9C0E32CBBCC}.Debug|Any CPU.ActiveCfg = Debug|iPhoneSimulator
		{28D8D9CC-2D73-44AD-AF34-E9C0E32CBBCC}.Debug|Any CPU.Build.0 = Debug|iPhoneSimulator
		{28D8D9CC-2D73-44AD-AF34-E9C0E32CBBCC}.Debug|Any CPU.Deploy.0 = Debug|iPhoneSimulator
		{28D8D9CC-2D73-44AD-AF34-E9C0E32CBBCC}.Debug|ARM.ActiveCfg = Debug|iPhone
		{28D8D9CC-2D73-44AD-AF34-E9C0E32CBBCC}.Debug|ARM.Build.0 = Debug|iPhone
		{28D8D9CC-2D73-44AD-AF34-E9C0E32CBBCC}.Debug|ARM.Deploy.0 = Debug|iPhone
		{28D8D9CC-2D73-44AD-AF34-E9C0E32CBBCC}.Debug|iPhone.ActiveCfg = Debug|iPhone
		{28D8D9CC-2D73-44AD-AF34-E9C0E32CBBCC}.Debug|iPhone.Build.0 = Debug|iPhone
		{28D8D9CC-2D73-44AD-AF34-E9C0E32CBBCC}.Debug|iPhone.Deploy.0 = Debug|iPhone
		{28D8D9CC-2D73-44AD-AF34-E9C0E32CBBCC}.Debug|iPhoneSimulator.ActiveCfg = Debug|iPhoneSimulator
		{28D8D9CC-2D73-44AD-AF34-E9C0E32CBBCC}.Debug|iPhoneSimulator.Build.0 = Debug|iPhoneSimulator
		{28D8D9CC-2D73-44AD-AF34-E9C0E32CBBCC}.Debug|iPhoneSimulator.Deploy.0 = Debug|iPhoneSimulator
		{28D8D9CC-2D73-44AD-AF34-E9C0E32CBBCC}.Debug|x64.ActiveCfg = Debug|iPhoneSimulator
		{28D8D9CC-2D73-44AD-AF34-E9C0E32CBBCC}.Debug|x64.Build.0 = Debug|iPhoneSimulator
		{28D8D9CC-2D73-44AD-AF34-E9C0E32CBBCC}.Debug|x64.Deploy.0 = Debug|iPhoneSimulator
		{28D8D9CC-2D73-44AD-AF34-E9C0E32CBBCC}.Debug|x86.ActiveCfg = Debug|iPhoneSimulator
		{28D8D9CC-2D73-44AD-AF34-E9C0E32CBBCC}.Debug|x86.Build.0 = Debug|iPhoneSimulator
		{28D8D9CC-2D73-44AD-AF34-E9C0E32CBBCC}.Debug|x86.Deploy.0 = Debug|iPhoneSimulator
		{28D8D9CC-2D73-44AD-AF34-E9C0E32CBBCC}.Release|Any CPU.ActiveCfg = Release|iPhoneSimulator
		{28D8D9CC-2D73-44AD-AF34-E9C0E32CBBCC}.Release|Any CPU.Build.0 = Release|iPhoneSimulator
		{28D8D9CC-2D73-44AD-AF34-E9C0E32CBBCC}.Release|Any CPU.Deploy.0 = Release|iPhoneSimulator
		{28D8D9CC-2D73-44AD-AF34-E9C0E32CBBCC}.Release|ARM.ActiveCfg = Release|iPhoneSimulator
		{28D8D9CC-2D73-44AD-AF34-E9C0E32CBBCC}.Release|ARM.Build.0 = Release|iPhoneSimulator
		{28D8D9CC-2D73-44AD-AF34-E9C0E32CBBCC}.Release|ARM.Deploy.0 = Release|iPhoneSimulator
		{28D8D9CC-2D73-44AD-AF34-E9C0E32CBBCC}.Release|iPhone.ActiveCfg = Release|iPhone
		{28D8D9CC-2D73-44AD-AF34-E9C0E32CBBCC}.Release|iPhone.Build.0 = Release|iPhone
		{28D8D9CC-2D73-44AD-AF34-E9C0E32CBBCC}.Release|iPhone.Deploy.0 = Release|iPhone
		{28D8D9CC-2D73-44AD-AF34-E9C0E32CBBCC}.Release|iPhoneSimulator.ActiveCfg = Release|iPhoneSimulator
		{28D8D9CC-2D73-44AD-AF34-E9C0E32CBBCC}.Release|iPhoneSimulator.Build.0 = Release|iPhoneSimulator
		{28D8D9CC-2D73-44AD-AF34-E9C0E32CBBCC}.Release|iPhoneSimulator.Deploy.0 = Release|iPhoneSimulator
		{28D8D9CC-2D73-44AD-AF34-E9C0E32CBBCC}.Release|x64.ActiveCfg = Release|iPhoneSimulator
		{28D8D9CC-2D73-44AD-AF34-E9C0E32CBBCC}.Release|x64.Build.0 = Release|iPhoneSimulator
		{28D8D9CC-2D73-44AD-AF34-E9C0E32CBBCC}.Release|x64.Deploy.0 = Release|iPhoneSimulator
		{28D8D9CC-2D73-44AD-AF34-E9C0E32CBBCC}.Release|x86.ActiveCfg = Release|iPhoneSimulator
		{28D8D9CC-2D73-44AD-AF34-E9C0E32CBBCC}.Release|x86.Build.0 = Release|iPhoneSimulator
		{28D8D9CC-2D73-44AD-AF34-E9C0E32CBBCC}.Release|x86.Deploy.0 = Release|iPhoneSimulator
		{25354999-4906-4F45-A5C8-8D2226F9C506}.Debug|Any CPU.ActiveCfg = Debug|Any CPU
		{25354999-4906-4F45-A5C8-8D2226F9C506}.Debug|Any CPU.Build.0 = Debug|Any CPU
		{25354999-4906-4F45-A5C8-8D2226F9C506}.Debug|Any CPU.Deploy.0 = Debug|Any CPU
		{25354999-4906-4F45-A5C8-8D2226F9C506}.Debug|ARM.ActiveCfg = Debug|Any CPU
		{25354999-4906-4F45-A5C8-8D2226F9C506}.Debug|ARM.Build.0 = Debug|Any CPU
		{25354999-4906-4F45-A5C8-8D2226F9C506}.Debug|ARM.Deploy.0 = Debug|Any CPU
		{25354999-4906-4F45-A5C8-8D2226F9C506}.Debug|iPhone.ActiveCfg = Debug|Any CPU
		{25354999-4906-4F45-A5C8-8D2226F9C506}.Debug|iPhone.Build.0 = Debug|Any CPU
		{25354999-4906-4F45-A5C8-8D2226F9C506}.Debug|iPhone.Deploy.0 = Debug|Any CPU
		{25354999-4906-4F45-A5C8-8D2226F9C506}.Debug|iPhoneSimulator.ActiveCfg = Debug|Any CPU
		{25354999-4906-4F45-A5C8-8D2226F9C506}.Debug|iPhoneSimulator.Build.0 = Debug|Any CPU
		{25354999-4906-4F45-A5C8-8D2226F9C506}.Debug|iPhoneSimulator.Deploy.0 = Debug|Any CPU
		{25354999-4906-4F45-A5C8-8D2226F9C506}.Debug|x64.ActiveCfg = Debug|Any CPU
		{25354999-4906-4F45-A5C8-8D2226F9C506}.Debug|x64.Build.0 = Debug|Any CPU
		{25354999-4906-4F45-A5C8-8D2226F9C506}.Debug|x64.Deploy.0 = Debug|Any CPU
		{25354999-4906-4F45-A5C8-8D2226F9C506}.Debug|x86.ActiveCfg = Debug|Any CPU
		{25354999-4906-4F45-A5C8-8D2226F9C506}.Debug|x86.Build.0 = Debug|Any CPU
		{25354999-4906-4F45-A5C8-8D2226F9C506}.Debug|x86.Deploy.0 = Debug|Any CPU
		{25354999-4906-4F45-A5C8-8D2226F9C506}.Release|Any CPU.ActiveCfg = Release|Any CPU
		{25354999-4906-4F45-A5C8-8D2226F9C506}.Release|Any CPU.Build.0 = Release|Any CPU
		{25354999-4906-4F45-A5C8-8D2226F9C506}.Release|Any CPU.Deploy.0 = Release|Any CPU
		{25354999-4906-4F45-A5C8-8D2226F9C506}.Release|ARM.ActiveCfg = Release|Any CPU
		{25354999-4906-4F45-A5C8-8D2226F9C506}.Release|ARM.Build.0 = Release|Any CPU
		{25354999-4906-4F45-A5C8-8D2226F9C506}.Release|ARM.Deploy.0 = Release|Any CPU
		{25354999-4906-4F45-A5C8-8D2226F9C506}.Release|iPhone.ActiveCfg = Release|Any CPU
		{25354999-4906-4F45-A5C8-8D2226F9C506}.Release|iPhone.Build.0 = Release|Any CPU
		{25354999-4906-4F45-A5C8-8D2226F9C506}.Release|iPhone.Deploy.0 = Release|Any CPU
		{25354999-4906-4F45-A5C8-8D2226F9C506}.Release|iPhoneSimulator.ActiveCfg = Release|Any CPU
		{25354999-4906-4F45-A5C8-8D2226F9C506}.Release|iPhoneSimulator.Build.0 = Release|Any CPU
		{25354999-4906-4F45-A5C8-8D2226F9C506}.Release|iPhoneSimulator.Deploy.0 = Release|Any CPU
		{25354999-4906-4F45-A5C8-8D2226F9C506}.Release|x64.ActiveCfg = Release|Any CPU
		{25354999-4906-4F45-A5C8-8D2226F9C506}.Release|x64.Build.0 = Release|Any CPU
		{25354999-4906-4F45-A5C8-8D2226F9C506}.Release|x64.Deploy.0 = Release|Any CPU
		{25354999-4906-4F45-A5C8-8D2226F9C506}.Release|x86.ActiveCfg = Release|Any CPU
		{25354999-4906-4F45-A5C8-8D2226F9C506}.Release|x86.Build.0 = Release|Any CPU
		{25354999-4906-4F45-A5C8-8D2226F9C506}.Release|x86.Deploy.0 = Release|Any CPU
	EndGlobalSection
	GlobalSection(SolutionProperties) = preSolution
		HideSolutionNode = FALSE
	EndGlobalSection
	GlobalSection(ExtensibilityGlobals) = postSolution
		SolutionGuid = {50CAD591-7310-423B-A373-1FEA34D1D268}
	EndGlobalSection
EndGlobal
